// !$*UTF8*$!
{
	archiveVersion = 1;
	classes = {
	};
	objectVersion = 56;
	objects = {

/* Begin PBXBuildFile section */
		9D81EBE02B571D0100887B2C /* AppDelegate.swift in Sources */ = {isa = PBXBuildFile; fileRef = 9D81EBDF2B571D0100887B2C /* AppDelegate.swift */; };
		9D81EBE22B571D0100887B2C /* SceneDelegate.swift in Sources */ = {isa = PBXBuildFile; fileRef = 9D81EBE12B571D0100887B2C /* SceneDelegate.swift */; };
		9D81EBE42B571D0100887B2C /* ViewController.swift in Sources */ = {isa = PBXBuildFile; fileRef = 9D81EBE32B571D0100887B2C /* ViewController.swift */; };
		9D81EBE92B571D0500887B2C /* Assets.xcassets in Resources */ = {isa = PBXBuildFile; fileRef = 9D81EBE82B571D0500887B2C /* Assets.xcassets */; };
		9D81EBEC2B571D0500887B2C /* LaunchScreen.storyboard in Resources */ = {isa = PBXBuildFile; fileRef = 9D81EBEA2B571D0500887B2C /* LaunchScreen.storyboard */; };
		9D81EBF42B571D6600887B2C /* Networking.swift in Sources */ = {isa = PBXBuildFile; fileRef = 9D81EBF32B571D6600887B2C /* Networking.swift */; };
		9D81EBF62B571D7300887B2C /* Menu.swift in Sources */ = {isa = PBXBuildFile; fileRef = 9D81EBF52B571D7300887B2C /* Menu.swift */; };
		9D81EBF82B571D8800887B2C /* InformationController.swift in Sources */ = {isa = PBXBuildFile; fileRef = 9D81EBF72B571D8800887B2C /* InformationController.swift */; };
		9D81EBFA2B571D9800887B2C /* MainTabBarController.swift in Sources */ = {isa = PBXBuildFile; fileRef = 9D81EBF92B571D9800887B2C /* MainTabBarController.swift */; };
		9D81EBFC2B571DAD00887B2C /* ShopingCartController.swift in Sources */ = {isa = PBXBuildFile; fileRef = 9D81EBFB2B571DAD00887B2C /* ShopingCartController.swift */; };
		9D81EBFE2B571DBB00887B2C /* PhoneController.swift in Sources */ = {isa = PBXBuildFile; fileRef = 9D81EBFD2B571DBB00887B2C /* PhoneController.swift */; };
		9D9E283D2B571EA4002155F5 /* CollectionViewCell.swift in Sources */ = {isa = PBXBuildFile; fileRef = 9D9E283C2B571EA4002155F5 /* CollectionViewCell.swift */; };
		9DA9B9002B5928F0005ABA28 /* CollectionViewCell2.swift in Sources */ = {isa = PBXBuildFile; fileRef = 9DA9B8FF2B5928F0005ABA28 /* CollectionViewCell2.swift */; };
		9DA9B9022B592D3C005ABA28 /* Dishes.swift in Sources */ = {isa = PBXBuildFile; fileRef = 9DA9B9012B592D3C005ABA28 /* Dishes.swift */; };
		A7E68A34E9D297C3F4FCEEA5 /* Pods_TestApp_VKUSSOVET_.framework in Frameworks */ = {isa = PBXBuildFile; fileRef = 6F16ADBABB4D06751643E2B0 /* Pods_TestApp_VKUSSOVET_.framework */; };
/* End PBXBuildFile section */

/* Begin PBXFileReference section */
		62757C98411EFC16148A8D04 /* Pods-TestApp(VKUSSOVET).debug.xcconfig */ = {isa = PBXFileReference; includeInIndex = 1; lastKnownFileType = text.xcconfig; name = "Pods-TestApp(VKUSSOVET).debug.xcconfig"; path = "Target Support Files/Pods-TestApp(VKUSSOVET)/Pods-TestApp(VKUSSOVET).debug.xcconfig"; sourceTree = "<group>"; };
		6F16ADBABB4D06751643E2B0 /* Pods_TestApp_VKUSSOVET_.framework */ = {isa = PBXFileReference; explicitFileType = wrapper.framework; includeInIndex = 0; path = Pods_TestApp_VKUSSOVET_.framework; sourceTree = BUILT_PRODUCTS_DIR; };
		9D81EBDC2B571D0100887B2C /* TestApp(VKUSSOVET).app */ = {isa = PBXFileReference; explicitFileType = wrapper.application; includeInIndex = 0; path = "TestApp(VKUSSOVET).app"; sourceTree = BUILT_PRODUCTS_DIR; };
		9D81EBDF2B571D0100887B2C /* AppDelegate.swift */ = {isa = PBXFileReference; lastKnownFileType = sourcecode.swift; path = AppDelegate.swift; sourceTree = "<group>"; };
		9D81EBE12B571D0100887B2C /* SceneDelegate.swift */ = {isa = PBXFileReference; lastKnownFileType = sourcecode.swift; path = SceneDelegate.swift; sourceTree = "<group>"; };
		9D81EBE32B571D0100887B2C /* ViewController.swift */ = {isa = PBXFileReference; lastKnownFileType = sourcecode.swift; path = ViewController.swift; sourceTree = "<group>"; };
		9D81EBE82B571D0500887B2C /* Assets.xcassets */ = {isa = PBXFileReference; lastKnownFileType = folder.assetcatalog; path = Assets.xcassets; sourceTree = "<group>"; };
		9D81EBEB2B571D0500887B2C /* Base */ = {isa = PBXFileReference; lastKnownFileType = file.storyboard; name = Base; path = Base.lproj/LaunchScreen.storyboard; sourceTree = "<group>"; };
		9D81EBED2B571D0500887B2C /* Info.plist */ = {isa = PBXFileReference; lastKnownFileType = text.plist.xml; path = Info.plist; sourceTree = "<group>"; };
		9D81EBF32B571D6600887B2C /* Networking.swift */ = {isa = PBXFileReference; lastKnownFileType = sourcecode.swift; path = Networking.swift; sourceTree = "<group>"; };
		9D81EBF52B571D7300887B2C /* Menu.swift */ = {isa = PBXFileReference; lastKnownFileType = sourcecode.swift; path = Menu.swift; sourceTree = "<group>"; };
		9D81EBF72B571D8800887B2C /* InformationController.swift */ = {isa = PBXFileReference; lastKnownFileType = sourcecode.swift; path = InformationController.swift; sourceTree = "<group>"; };
		9D81EBF92B571D9800887B2C /* MainTabBarController.swift */ = {isa = PBXFileReference; lastKnownFileType = sourcecode.swift; path = MainTabBarController.swift; sourceTree = "<group>"; };
		9D81EBFB2B571DAD00887B2C /* ShopingCartController.swift */ = {isa = PBXFileReference; lastKnownFileType = sourcecode.swift; path = ShopingCartController.swift; sourceTree = "<group>"; };
		9D81EBFD2B571DBB00887B2C /* PhoneController.swift */ = {isa = PBXFileReference; lastKnownFileType = sourcecode.swift; path = PhoneController.swift; sourceTree = "<group>"; };
		9D9E283C2B571EA4002155F5 /* CollectionViewCell.swift */ = {isa = PBXFileReference; lastKnownFileType = sourcecode.swift; path = CollectionViewCell.swift; sourceTree = "<group>"; };
		9DA9B8FF2B5928F0005ABA28 /* CollectionViewCell2.swift */ = {isa = PBXFileReference; lastKnownFileType = sourcecode.swift; path = CollectionViewCell2.swift; sourceTree = "<group>"; };
		9DA9B9012B592D3C005ABA28 /* Dishes.swift */ = {isa = PBXFileReference; lastKnownFileType = sourcecode.swift; path = Dishes.swift; sourceTree = "<group>"; };
		C95820E38E8C729683C8D9EA /* Pods-TestApp(VKUSSOVET).release.xcconfig */ = {isa = PBXFileReference; includeInIndex = 1; lastKnownFileType = text.xcconfig; name = "Pods-TestApp(VKUSSOVET).release.xcconfig"; path = "Target Support Files/Pods-TestApp(VKUSSOVET)/Pods-TestApp(VKUSSOVET).release.xcconfig"; sourceTree = "<group>"; };
/* End PBXFileReference section */

/* Begin PBXFrameworksBuildPhase section */
		9D81EBD92B571D0100887B2C /* Frameworks */ = {
			isa = PBXFrameworksBuildPhase;
			buildActionMask = 2147483647;
			files = (
				A7E68A34E9D297C3F4FCEEA5 /* Pods_TestApp_VKUSSOVET_.framework in Frameworks */,
			);
			runOnlyForDeploymentPostprocessing = 0;
		};
/* End PBXFrameworksBuildPhase section */

/* Begin PBXGroup section */
		44762FEE896EFF8B46C5FAAC /* Frameworks */ = {
			isa = PBXGroup;
			children = (
				6F16ADBABB4D06751643E2B0 /* Pods_TestApp_VKUSSOVET_.framework */,
			);
			name = Frameworks;
			sourceTree = "<group>";
		};
		6B8FA9941E5B6C6D6C58A3F2 /* Pods */ = {
			isa = PBXGroup;
			children = (
				62757C98411EFC16148A8D04 /* Pods-TestApp(VKUSSOVET).debug.xcconfig */,
				C95820E38E8C729683C8D9EA /* Pods-TestApp(VKUSSOVET).release.xcconfig */,
			);
			path = Pods;
			sourceTree = "<group>";
		};
		9D81EBD32B571D0100887B2C = {
			isa = PBXGroup;
			children = (
				9D81EBDE2B571D0100887B2C /* TestApp(VKUSSOVET) */,
				6B8FA9941E5B6C6D6C58A3F2 /* Pods */,
				44762FEE896EFF8B46C5FAAC /* Frameworks */,
			);
			sourceTree = "<group>";
		};
		9D81EBDD2B571D0100887B2C /* Products */ = {
			isa = PBXGroup;
			children = (
				9D81EBDC2B571D0100887B2C /* TestApp(VKUSSOVET).app */,
			);
			name = Products;
			path = ..;
			sourceTree = "<group>";
		};
		9D81EBDE2B571D0100887B2C /* TestApp(VKUSSOVET) */ = {
			isa = PBXGroup;
			children = (
				9D9E283B2B571E49002155F5 /* Application */,
				9D9E283A2B571E3E002155F5 /* Resource */,
				9D81EBE32B571D0100887B2C /* ViewController.swift */,
				9D81EBF32B571D6600887B2C /* Networking.swift */,
				9D81EBF52B571D7300887B2C /* Menu.swift */,
				9DA9B9012B592D3C005ABA28 /* Dishes.swift */,
				9D81EBFD2B571DBB00887B2C /* PhoneController.swift */,
				9D81EBF92B571D9800887B2C /* MainTabBarController.swift */,
				9D9E283C2B571EA4002155F5 /* CollectionViewCell.swift */,
				9DA9B8FF2B5928F0005ABA28 /* CollectionViewCell2.swift */,
				9D81EBF72B571D8800887B2C /* InformationController.swift */,
				9D81EBFB2B571DAD00887B2C /* ShopingCartController.swift */,
				9D81EBED2B571D0500887B2C /* Info.plist */,
				9D81EBDD2B571D0100887B2C /* Products */,
			);
			path = "TestApp(VKUSSOVET)";
			sourceTree = "<group>";
		};
		9D9E283A2B571E3E002155F5 /* Resource */ = {
			isa = PBXGroup;
			children = (
				9D81EBE82B571D0500887B2C /* Assets.xcassets */,
				9D81EBEA2B571D0500887B2C /* LaunchScreen.storyboard */,
			);
			path = Resource;
			sourceTree = "<group>";
		};
		9D9E283B2B571E49002155F5 /* Application */ = {
			isa = PBXGroup;
			children = (
				9D81EBDF2B571D0100887B2C /* AppDelegate.swift */,
				9D81EBE12B571D0100887B2C /* SceneDelegate.swift */,
			);
			path = Application;
			sourceTree = "<group>";
		};
/* End PBXGroup section */

/* Begin PBXNativeTarget section */
		9D81EBDB2B571D0100887B2C /* TestApp(VKUSSOVET) */ = {
			isa = PBXNativeTarget;
			buildConfigurationList = 9D81EBF02B571D0500887B2C /* Build configuration list for PBXNativeTarget "TestApp(VKUSSOVET)" */;
			buildPhases = (
				EB74E9F3B5968600934ED1E4 /* [CP] Check Pods Manifest.lock */,
				9D81EBD82B571D0100887B2C /* Sources */,
				9D81EBD92B571D0100887B2C /* Frameworks */,
				9D81EBDA2B571D0100887B2C /* Resources */,
				D30905BAE8E48E4E4C9D7217 /* [CP] Embed Pods Frameworks */,
			);
			buildRules = (
			);
			dependencies = (
			);
			name = "TestApp(VKUSSOVET)";
			productName = "TestApp(VKUSSOVET)";
			productReference = 9D81EBDC2B571D0100887B2C /* TestApp(VKUSSOVET).app */;
			productType = "com.apple.product-type.application";
		};
/* End PBXNativeTarget section */

/* Begin PBXProject section */
		9D81EBD42B571D0100887B2C /* Project object */ = {
			isa = PBXProject;
			attributes = {
				BuildIndependentTargetsInParallel = 1;
				LastSwiftUpdateCheck = 1420;
				LastUpgradeCheck = 1420;
				TargetAttributes = {
					9D81EBDB2B571D0100887B2C = {
						CreatedOnToolsVersion = 14.2;
					};
				};
			};
			buildConfigurationList = 9D81EBD72B571D0100887B2C /* Build configuration list for PBXProject "TestApp(VKUSSOVET)" */;
			compatibilityVersion = "Xcode 14.0";
			developmentRegion = en;
			hasScannedForEncodings = 0;
			knownRegions = (
				en,
				Base,
			);
			mainGroup = 9D81EBD32B571D0100887B2C;
			productRefGroup = 9D81EBDD2B571D0100887B2C /* Products */;
			projectDirPath = "";
			projectRoot = "";
			targets = (
				9D81EBDB2B571D0100887B2C /* TestApp(VKUSSOVET) */,
			);
		};
/* End PBXProject section */

/* Begin PBXResourcesBuildPhase section */
		9D81EBDA2B571D0100887B2C /* Resources */ = {
			isa = PBXResourcesBuildPhase;
			buildActionMask = 2147483647;
			files = (
				9D81EBEC2B571D0500887B2C /* LaunchScreen.storyboard in Resources */,
				9D81EBE92B571D0500887B2C /* Assets.xcassets in Resources */,
			);
			runOnlyForDeploymentPostprocessing = 0;
		};
/* End PBXResourcesBuildPhase section */

/* Begin PBXShellScriptBuildPhase section */
		D30905BAE8E48E4E4C9D7217 /* [CP] Embed Pods Frameworks */ = {
			isa = PBXShellScriptBuildPhase;
			buildActionMask = 2147483647;
			files = (
			);
			inputFileListPaths = (
				"${PODS_ROOT}/Target Support Files/Pods-TestApp(VKUSSOVET)/Pods-TestApp(VKUSSOVET)-frameworks-${CONFIGURATION}-input-files.xcfilelist",
			);
			name = "[CP] Embed Pods Frameworks";
			outputFileListPaths = (
				"${PODS_ROOT}/Target Support Files/Pods-TestApp(VKUSSOVET)/Pods-TestApp(VKUSSOVET)-frameworks-${CONFIGURATION}-output-files.xcfilelist",
			);
			runOnlyForDeploymentPostprocessing = 0;
			shellPath = /bin/sh;
			shellScript = "\"${PODS_ROOT}/Target Support Files/Pods-TestApp(VKUSSOVET)/Pods-TestApp(VKUSSOVET)-frameworks.sh\"\n";
			showEnvVarsInLog = 0;
		};
		EB74E9F3B5968600934ED1E4 /* [CP] Check Pods Manifest.lock */ = {
			isa = PBXShellScriptBuildPhase;
			buildActionMask = 2147483647;
			files = (
			);
			inputFileListPaths = (
			);
			inputPaths = (
				"${PODS_PODFILE_DIR_PATH}/Podfile.lock",
				"${PODS_ROOT}/Manifest.lock",
			);
			name = "[CP] Check Pods Manifest.lock";
			outputFileListPaths = (
			);
			outputPaths = (
				"$(DERIVED_FILE_DIR)/Pods-TestApp(VKUSSOVET)-checkManifestLockResult.txt",
			);
			runOnlyForDeploymentPostprocessing = 0;
			shellPath = /bin/sh;
			shellScript = "diff \"${PODS_PODFILE_DIR_PATH}/Podfile.lock\" \"${PODS_ROOT}/Manifest.lock\" > /dev/null\nif [ $? != 0 ] ; then\n    # print error to STDERR\n    echo \"error: The sandbox is not in sync with the Podfile.lock. Run 'pod install' or update your CocoaPods installation.\" >&2\n    exit 1\nfi\n# This output is used by Xcode 'outputs' to avoid re-running this script phase.\necho \"SUCCESS\" > \"${SCRIPT_OUTPUT_FILE_0}\"\n";
			showEnvVarsInLog = 0;
		};
/* End PBXShellScriptBuildPhase section */

/* Begin PBXSourcesBuildPhase section */
		9D81EBD82B571D0100887B2C /* Sources */ = {
			isa = PBXSourcesBuildPhase;
			buildActionMask = 2147483647;
			files = (
				9D9E283D2B571EA4002155F5 /* CollectionViewCell.swift in Sources */,
				9D81EBF82B571D8800887B2C /* InformationController.swift in Sources */,
				9D81EBE42B571D0100887B2C /* ViewController.swift in Sources */,
				9D81EBFE2B571DBB00887B2C /* PhoneController.swift in Sources */,
				9D81EBE02B571D0100887B2C /* AppDelegate.swift in Sources */,
				9D81EBFA2B571D9800887B2C /* MainTabBarController.swift in Sources */,
				9D81EBFC2B571DAD00887B2C /* ShopingCartController.swift in Sources */,
				9D81EBE22B571D0100887B2C /* SceneDelegate.swift in Sources */,
				9DA9B9002B5928F0005ABA28 /* CollectionViewCell2.swift in Sources */,
				9D81EBF42B571D6600887B2C /* Networking.swift in Sources */,
				9D81EBF62B571D7300887B2C /* Menu.swift in Sources */,
				9DA9B9022B592D3C005ABA28 /* Dishes.swift in Sources */,
			);
			runOnlyForDeploymentPostprocessing = 0;
		};
/* End PBXSourcesBuildPhase section */

/* Begin PBXVariantGroup section */
		9D81EBEA2B571D0500887B2C /* LaunchScreen.storyboard */ = {
			isa = PBXVariantGroup;
			children = (
				9D81EBEB2B571D0500887B2C /* Base */,
			);
			name = LaunchScreen.storyboard;
			sourceTree = "<group>";
		};
/* End PBXVariantGroup section */

/* Begin XCBuildConfiguration section */
		9D81EBEE2B571D0500887B2C /* Debug */ = {
			isa = XCBuildConfiguration;
			buildSettings = {
				ALWAYS_SEARCH_USER_PATHS = NO;
				CLANG_ANALYZER_NONNULL = YES;
				CLANG_ANALYZER_NUMBER_OBJECT_CONVERSION = YES_AGGRESSIVE;
				CLANG_CXX_LANGUAGE_STANDARD = "gnu++20";
				CLANG_ENABLE_MODULES = YES;
				CLANG_ENABLE_OBJC_ARC = YES;
				CLANG_ENABLE_OBJC_WEAK = YES;
				CLANG_WARN_BLOCK_CAPTURE_AUTORELEASING = YES;
				CLANG_WARN_BOOL_CONVERSION = YES;
				CLANG_WARN_COMMA = YES;
				CLANG_WARN_CONSTANT_CONVERSION = YES;
				CLANG_WARN_DEPRECATED_OBJC_IMPLEMENTATIONS = YES;
				CLANG_WARN_DIRECT_OBJC_ISA_USAGE = YES_ERROR;
				CLANG_WARN_DOCUMENTATION_COMMENTS = YES;
				CLANG_WARN_EMPTY_BODY = YES;
				CLANG_WARN_ENUM_CONVERSION = YES;
				CLANG_WARN_INFINITE_RECURSION = YES;
				CLANG_WARN_INT_CONVERSION = YES;
				CLANG_WARN_NON_LITERAL_NULL_CONVERSION = YES;
				CLANG_WARN_OBJC_IMPLICIT_RETAIN_SELF = YES;
				CLANG_WARN_OBJC_LITERAL_CONVERSION = YES;
				CLANG_WARN_OBJC_ROOT_CLASS = YES_ERROR;
				CLANG_WARN_QUOTED_INCLUDE_IN_FRAMEWORK_HEADER = YES;
				CLANG_WARN_RANGE_LOOP_ANALYSIS = YES;
				CLANG_WARN_STRICT_PROTOTYPES = YES;
				CLANG_WARN_SUSPICIOUS_MOVE = YES;
				CLANG_WARN_UNGUARDED_AVAILABILITY = YES_AGGRESSIVE;
				CLANG_WARN_UNREACHABLE_CODE = YES;
				CLANG_WARN__DUPLICATE_METHOD_MATCH = YES;
				COPY_PHASE_STRIP = NO;
				DEBUG_INFORMATION_FORMAT = dwarf;
				ENABLE_STRICT_OBJC_MSGSEND = YES;
				ENABLE_TESTABILITY = YES;
				GCC_C_LANGUAGE_STANDARD = gnu11;
				GCC_DYNAMIC_NO_PIC = NO;
				GCC_NO_COMMON_BLOCKS = YES;
				GCC_OPTIMIZATION_LEVEL = 0;
				GCC_PREPROCESSOR_DEFINITIONS = (
					"DEBUG=1",
					"$(inherited)",
				);
				GCC_WARN_64_TO_32_BIT_CONVERSION = YES;
				GCC_WARN_ABOUT_RETURN_TYPE = YES_ERROR;
				GCC_WARN_UNDECLARED_SELECTOR = YES;
				GCC_WARN_UNINITIALIZED_AUTOS = YES_AGGRESSIVE;
				GCC_WARN_UNUSED_FUNCTION = YES;
				GCC_WARN_UNUSED_VARIABLE = YES;
				IPHONEOS_DEPLOYMENT_TARGET = 16.2;
				MTL_ENABLE_DEBUG_INFO = INCLUDE_SOURCE;
				MTL_FAST_MATH = YES;
				ONLY_ACTIVE_ARCH = YES;
				SDKROOT = iphoneos;
				SWIFT_ACTIVE_COMPILATION_CONDITIONS = DEBUG;
				SWIFT_OPTIMIZATION_LEVEL = "-Onone";
			};
			name = Debug;
		};
		9D81EBEF2B571D0500887B2C /* Release */ = {
			isa = XCBuildConfiguration;
			buildSettings = {
				ALWAYS_SEARCH_USER_PATHS = NO;
				CLANG_ANALYZER_NONNULL = YES;
				CLANG_ANALYZER_NUMBER_OBJECT_CONVERSION = YES_AGGRESSIVE;
				CLANG_CXX_LANGUAGE_STANDARD = "gnu++20";
				CLANG_ENABLE_MODULES = YES;
				CLANG_ENABLE_OBJC_ARC = YES;
				CLANG_ENABLE_OBJC_WEAK = YES;
				CLANG_WARN_BLOCK_CAPTURE_AUTORELEASING = YES;
				CLANG_WARN_BOOL_CONVERSION = YES;
				CLANG_WARN_COMMA = YES;
				CLANG_WARN_CONSTANT_CONVERSION = YES;
				CLANG_WARN_DEPRECATED_OBJC_IMPLEMENTATIONS = YES;
				CLANG_WARN_DIRECT_OBJC_ISA_USAGE = YES_ERROR;
				CLANG_WARN_DOCUMENTATION_COMMENTS = YES;
				CLANG_WARN_EMPTY_BODY = YES;
				CLANG_WARN_ENUM_CONVERSION = YES;
				CLANG_WARN_INFINITE_RECURSION = YES;
				CLANG_WARN_INT_CONVERSION = YES;
				CLANG_WARN_NON_LITERAL_NULL_CONVERSION = YES;
				CLANG_WARN_OBJC_IMPLICIT_RETAIN_SELF = YES;
				CLANG_WARN_OBJC_LITERAL_CONVERSION = YES;
				CLANG_WARN_OBJC_ROOT_CLASS = YES_ERROR;
				CLANG_WARN_QUOTED_INCLUDE_IN_FRAMEWORK_HEADER = YES;
				CLANG_WARN_RANGE_LOOP_ANALYSIS = YES;
				CLANG_WARN_STRICT_PROTOTYPES = YES;
				CLANG_WARN_SUSPICIOUS_MOVE = YES;
				CLANG_WARN_UNGUARDED_AVAILABILITY = YES_AGGRESSIVE;
				CLANG_WARN_UNREACHABLE_CODE = YES;
				CLANG_WARN__DUPLICATE_METHOD_MATCH = YES;
				COPY_PHASE_STRIP = NO;
				DEBUG_INFORMATION_FORMAT = "dwarf-with-dsym";
				ENABLE_NS_ASSERTIONS = NO;
				ENABLE_STRICT_OBJC_MSGSEND = YES;
				GCC_C_LANGUAGE_STANDARD = gnu11;
				GCC_NO_COMMON_BLOCKS = YES;
				GCC_WARN_64_TO_32_BIT_CONVERSION = YES;
				GCC_WARN_ABOUT_RETURN_TYPE = YES_ERROR;
				GCC_WARN_UNDECLARED_SELECTOR = YES;
				GCC_WARN_UNINITIALIZED_AUTOS = YES_AGGRESSIVE;
				GCC_WARN_UNUSED_FUNCTION = YES;
				GCC_WARN_UNUSED_VARIABLE = YES;
				IPHONEOS_DEPLOYMENT_TARGET = 16.2;
				MTL_ENABLE_DEBUG_INFO = NO;
				MTL_FAST_MATH = YES;
				SDKROOT = iphoneos;
				SWIFT_COMPILATION_MODE = wholemodule;
				SWIFT_OPTIMIZATION_LEVEL = "-O";
				VALIDATE_PRODUCT = YES;
			};
			name = Release;
		};
		9D81EBF12B571D0500887B2C /* Debug */ = {
			isa = XCBuildConfiguration;
			baseConfigurationReference = 62757C98411EFC16148A8D04 /* Pods-TestApp(VKUSSOVET).debug.xcconfig */;
			buildSettings = {
				ASSETCATALOG_COMPILER_APPICON_NAME = AppIcon;
				ASSETCATALOG_COMPILER_GLOBAL_ACCENT_COLOR_NAME = AccentColor;
				CODE_SIGN_STYLE = Automatic;
				CURRENT_PROJECT_VERSION = 1;
				DEVELOPMENT_TEAM = B5GYW8VT22;
				GENERATE_INFOPLIST_FILE = YES;
				INFOPLIST_FILE = "TestApp(VKUSSOVET)/Info.plist";
				INFOPLIST_KEY_UIApplicationSupportsIndirectInputEvents = YES;
				INFOPLIST_KEY_UILaunchStoryboardName = LaunchScreen;
				INFOPLIST_KEY_UISupportedInterfaceOrientations_iPad = "UIInterfaceOrientationPortrait UIInterfaceOrientationPortraitUpsideDown UIInterfaceOrientationLandscapeLeft UIInterfaceOrientationLandscapeRight";
				INFOPLIST_KEY_UISupportedInterfaceOrientations_iPhone = "UIInterfaceOrientationPortrait UIInterfaceOrientationLandscapeLeft UIInterfaceOrientationLandscapeRight";
				LD_RUNPATH_SEARCH_PATHS = (
					"$(inherited)",
					"@executable_path/Frameworks",
				);
				MARKETING_VERSION = 1.0;
				PRODUCT_BUNDLE_IDENTIFIER = "Nepena.TestApp-VKUSSOVET-";
				PRODUCT_NAME = "$(TARGET_NAME)";
				SWIFT_EMIT_LOC_STRINGS = YES;
				SWIFT_VERSION = 5.0;
				TARGETED_DEVICE_FAMILY = "1,2";
			};
			name = Debug;
		};
		9D81EBF22B571D0500887B2C /* Release */ = {
			isa = XCBuildConfiguration;
			baseConfigurationReference = C95820E38E8C729683C8D9EA /* Pods-TestApp(VKUSSOVET).release.xcconfig */;
			buildSettings = {
				ASSETCATALOG_COMPILER_APPICON_NAME = AppIcon;
				ASSETCATALOG_COMPILER_GLOBAL_ACCENT_COLOR_NAME = AccentColor;
				CODE_SIGN_STYLE = Automatic;
				CURRENT_PROJECT_VERSION = 1;
				DEVELOPMENT_TEAM = B5GYW8VT22;
				GENERATE_INFOPLIST_FILE = YES;
				INFOPLIST_FILE = "TestApp(VKUSSOVET)/Info.plist";
				INFOPLIST_KEY_UIApplicationSupportsIndirectInputEvents = YES;
				INFOPLIST_KEY_UILaunchStoryboardName = LaunchScreen;
				INFOPLIST_KEY_UISupportedInterfaceOrientations_iPad = "UIInterfaceOrientationPortrait UIInterfaceOrientationPortraitUpsideDown UIInterfaceOrientationLandscapeLeft UIInterfaceOrientationLandscapeRight";
				INFOPLIST_KEY_UISupportedInterfaceOrientations_iPhone = "UIInterfaceOrientationPortrait UIInterfaceOrientationLandscapeLeft UIInterfaceOrientationLandscapeRight";
				LD_RUNPATH_SEARCH_PATHS = (
					"$(inherited)",
					"@executable_path/Frameworks",
				);
				MARKETING_VERSION = 1.0;
				PRODUCT_BUNDLE_IDENTIFIER = "Nepena.TestApp-VKUSSOVET-";
				PRODUCT_NAME = "$(TARGET_NAME)";
				SWIFT_EMIT_LOC_STRINGS = YES;
				SWIFT_VERSION = 5.0;
				TARGETED_DEVICE_FAMILY = "1,2";
			};
			name = Release;
		};
/* End XCBuildConfiguration section */

/* Begin XCConfigurationList section */
		9D81EBD72B571D0100887B2C /* Build configuration list for PBXProject "TestApp(VKUSSOVET)" */ = {
			isa = XCConfigurationList;
			buildConfigurations = (
				9D81EBEE2B571D0500887B2C /* Debug */,
				9D81EBEF2B571D0500887B2C /* Release */,
			);
			defaultConfigurationIsVisible = 0;
			defaultConfigurationName = Release;
		};
		9D81EBF02B571D0500887B2C /* Build configuration list for PBXNativeTarget "TestApp(VKUSSOVET)" */ = {
			isa = XCConfigurationList;
			buildConfigurations = (
				9D81EBF12B571D0500887B2C /* Debug */,
				9D81EBF22B571D0500887B2C /* Release */,
			);
			defaultConfigurationIsVisible = 0;
			defaultConfigurationName = Release;
		};
/* End XCConfigurationList section */
	};
	rootObject = 9D81EBD42B571D0100887B2C /* Project object */;
}
